
Microsoft Visual Studio Solution File, Format Version 12.00
# Visual Studio Version 17
VisualStudioVersion = 17.1.32210.238
MinimumVisualStudioVersion = 10.0.40219.1
Project("{9A19103F-16F7-4668-BE54-9A1E7A4F7556}") = "TGC.AdventOfCode2022.Runner", "TGC.AdventOfCode2022\TGC.AdventOfCode2022.Runner.csproj", "{BD3D72C7-DEB3-4020-B1C2-D14940C31329}"
EndProject
Project("{9A19103F-16F7-4668-BE54-9A1E7A4F7556}") = "TGC.AdventOfCode2022.01", "TGC.AdventOfCode2022.01\TGC.AdventOfCode2022.01.csproj", "{992CAE77-80FE-4D03-9D6A-D2060DF54EF0}"
EndProject
Project("{9A19103F-16F7-4668-BE54-9A1E7A4F7556}") = "TGC.AdventOfCode2022.Abstractions", "TGC.AdventOfCode2022.Abstractions\TGC.AdventOfCode2022.Abstractions.csproj", "{B7F487DC-96E1-4340-A1F4-1914889ABC8E}"
EndProject
Project("{9A19103F-16F7-4668-BE54-9A1E7A4F7556}") = "TGC.AdventOfCode2022.02", "TGC.AdventOfCode2022.02\TGC.AdventOfCode2022.02.csproj", "{0C23BAA8-A85F-42A1-A420-69F21EEEBC46}"
EndProject
Project("{9A19103F-16F7-4668-BE54-9A1E7A4F7556}") = "TGC.AdventOfCode2022.03", "TGC.AdventOfCode2022.03\TGC.AdventOfCode2022.03.csproj", "{8DA98A33-DD52-4EEC-B3C5-1EF364008E23}"
EndProject
Project("{9A19103F-16F7-4668-BE54-9A1E7A4F7556}") = "TGC.AdventOfCode2022.Tests", "TGC.AdventOfCode2022.Tests\TGC.AdventOfCode2022.Tests.csproj", "{DC76179A-D656-4232-A4D0-E680A4DAADD9}"
EndProject
Project("{FAE04EC0-301F-11D3-BF4B-00C04F79EFBC}") = "TGC.AdventOfCode2022.04", "TGC.AdventOfCode2022.04\TGC.AdventOfCode2022.04.csproj", "{3A6BD3AC-A19B-4663-AFC3-E44C1CA989F2}"
EndProject
Project("{FAE04EC0-301F-11D3-BF4B-00C04F79EFBC}") = "TGC.AdventOfCode2022.05", "TGC.AdventOfCode2022.05\TGC.AdventOfCode2022.05.csproj", "{419BD9A9-EB3C-4A9D-BBB9-4C0D544D6CED}"
EndProject
Global
	GlobalSection(SolutionConfigurationPlatforms) = preSolution
		Debug|Any CPU = Debug|Any CPU
		Release|Any CPU = Release|Any CPU
	EndGlobalSection
	GlobalSection(ProjectConfigurationPlatforms) = postSolution
		{BD3D72C7-DEB3-4020-B1C2-D14940C31329}.Debug|Any CPU.ActiveCfg = Debug|Any CPU
		{BD3D72C7-DEB3-4020-B1C2-D14940C31329}.Debug|Any CPU.Build.0 = Debug|Any CPU
		{BD3D72C7-DEB3-4020-B1C2-D14940C31329}.Release|Any CPU.ActiveCfg = Release|Any CPU
		{BD3D72C7-DEB3-4020-B1C2-D14940C31329}.Release|Any CPU.Build.0 = Release|Any CPU
		{992CAE77-80FE-4D03-9D6A-D2060DF54EF0}.Debug|Any CPU.ActiveCfg = Debug|Any CPU
		{992CAE77-80FE-4D03-9D6A-D2060DF54EF0}.Debug|Any CPU.Build.0 = Debug|Any CPU
		{992CAE77-80FE-4D03-9D6A-D2060DF54EF0}.Release|Any CPU.ActiveCfg = Release|Any CPU
		{992CAE77-80FE-4D03-9D6A-D2060DF54EF0}.Release|Any CPU.Build.0 = Release|Any CPU
		{B7F487DC-96E1-4340-A1F4-1914889ABC8E}.Debug|Any CPU.ActiveCfg = Debug|Any CPU
		{B7F487DC-96E1-4340-A1F4-1914889ABC8E}.Debug|Any CPU.Build.0 = Debug|Any CPU
		{B7F487DC-96E1-4340-A1F4-1914889ABC8E}.Release|Any CPU.ActiveCfg = Release|Any CPU
		{B7F487DC-96E1-4340-A1F4-1914889ABC8E}.Release|Any CPU.Build.0 = Release|Any CPU
		{0C23BAA8-A85F-42A1-A420-69F21EEEBC46}.Debug|Any CPU.ActiveCfg = Debug|Any CPU
		{0C23BAA8-A85F-42A1-A420-69F21EEEBC46}.Debug|Any CPU.Build.0 = Debug|Any CPU
		{0C23BAA8-A85F-42A1-A420-69F21EEEBC46}.Release|Any CPU.ActiveCfg = Release|Any CPU
		{0C23BAA8-A85F-42A1-A420-69F21EEEBC46}.Release|Any CPU.Build.0 = Release|Any CPU
		{8DA98A33-DD52-4EEC-B3C5-1EF364008E23}.Debug|Any CPU.ActiveCfg = Debug|Any CPU
		{8DA98A33-DD52-4EEC-B3C5-1EF364008E23}.Debug|Any CPU.Build.0 = Debug|Any CPU
		{8DA98A33-DD52-4EEC-B3C5-1EF364008E23}.Release|Any CPU.ActiveCfg = Release|Any CPU
		{8DA98A33-DD52-4EEC-B3C5-1EF364008E23}.Release|Any CPU.Build.0 = Release|Any CPU
		{DC76179A-D656-4232-A4D0-E680A4DAADD9}.Debug|Any CPU.ActiveCfg = Debug|Any CPU
		{DC76179A-D656-4232-A4D0-E680A4DAADD9}.Debug|Any CPU.Build.0 = Debug|Any CPU
		{DC76179A-D656-4232-A4D0-E680A4DAADD9}.Release|Any CPU.ActiveCfg = Release|Any CPU
		{DC76179A-D656-4232-A4D0-E680A4DAADD9}.Release|Any CPU.Build.0 = Release|Any CPU
		{3A6BD3AC-A19B-4663-AFC3-E44C1CA989F2}.Debug|Any CPU.ActiveCfg = Debug|Any CPU
		{3A6BD3AC-A19B-4663-AFC3-E44C1CA989F2}.Debug|Any CPU.Build.0 = Debug|Any CPU
		{3A6BD3AC-A19B-4663-AFC3-E44C1CA989F2}.Release|Any CPU.ActiveCfg = Release|Any CPU
		{3A6BD3AC-A19B-4663-AFC3-E44C1CA989F2}.Release|Any CPU.Build.0 = Release|Any CPU
		{419BD9A9-EB3C-4A9D-BBB9-4C0D544D6CED}.Debug|Any CPU.ActiveCfg = Debug|Any CPU
		{419BD9A9-EB3C-4A9D-BBB9-4C0D544D6CED}.Debug|Any CPU.Build.0 = Debug|Any CPU
		{419BD9A9-EB3C-4A9D-BBB9-4C0D544D6CED}.Release|Any CPU.ActiveCfg = Release|Any CPU
		{419BD9A9-EB3C-4A9D-BBB9-4C0D544D6CED}.Release|Any CPU.Build.0 = Release|Any CPU
	EndGlobalSection
	GlobalSection(SolutionProperties) = preSolution
		HideSolutionNode = FALSE
	EndGlobalSection
	GlobalSection(ExtensibilityGlobals) = postSolution
		SolutionGuid = {06438A15-81ED-438E-BB9E-8BED3CE240FB}
	EndGlobalSection
EndGlobal
