
Microsoft Visual Studio Solution File, Format Version 12.00
# Visual Studio Version 17
VisualStudioVersion = 17.1.32210.238
MinimumVisualStudioVersion = 10.0.40219.1
Project("{9A19103F-16F7-4668-BE54-9A1E7A4F7556}") = "TGC.AdventOfCode2022.Runner", "TGC.AdventOfCode2022\TGC.AdventOfCode2022.Runner.csproj", "{BD3D72C7-DEB3-4020-B1C2-D14940C31329}"
EndProject
Project("{9A19103F-16F7-4668-BE54-9A1E7A4F7556}") = "TGC.AdventOfCode2022.Tests", "TGC.AdventOfCode2022.Tests\TGC.AdventOfCode2022.Tests.csproj", "{DC76179A-D656-4232-A4D0-E680A4DAADD9}"
EndProject
Global
	GlobalSection(SolutionConfigurationPlatforms) = preSolution
		Debug|Any CPU = Debug|Any CPU
		Release|Any CPU = Release|Any CPU
	EndGlobalSection
	GlobalSection(ProjectConfigurationPlatforms) = postSolution
		{BD3D72C7-DEB3-4020-B1C2-D14940C31329}.Debug|Any CPU.ActiveCfg = Debug|Any CPU
		{BD3D72C7-DEB3-4020-B1C2-D14940C31329}.Debug|Any CPU.Build.0 = Debug|Any CPU
		{BD3D72C7-DEB3-4020-B1C2-D14940C31329}.Release|Any CPU.ActiveCfg = Release|Any CPU
		{BD3D72C7-DEB3-4020-B1C2-D14940C31329}.Release|Any CPU.Build.0 = Release|Any CPU
		{DC76179A-D656-4232-A4D0-E680A4DAADD9}.Debug|Any CPU.ActiveCfg = Debug|Any CPU
		{DC76179A-D656-4232-A4D0-E680A4DAADD9}.Debug|Any CPU.Build.0 = Debug|Any CPU
		{DC76179A-D656-4232-A4D0-E680A4DAADD9}.Release|Any CPU.ActiveCfg = Release|Any CPU
		{DC76179A-D656-4232-A4D0-E680A4DAADD9}.Release|Any CPU.Build.0 = Release|Any CPU
	EndGlobalSection
	GlobalSection(SolutionProperties) = preSolution
		HideSolutionNode = FALSE
	EndGlobalSection
	GlobalSection(ExtensibilityGlobals) = postSolution
		SolutionGuid = {06438A15-81ED-438E-BB9E-8BED3CE240FB}
	EndGlobalSection
EndGlobal
